{
  "nodes": {
    "nixpkgs": {
      "locked": {
        "lastModified": 1658644204,
        "narHash": "sha256-MWyfCH9K3eVTXJUxBi67OQSAh9jJAnvWklM6qm4j8w8=",
        "owner": "NixOS",
        "repo": "nixpkgs",
        "rev": "2f0c3be57c348f4cfd8820f2d189e29a685d9c41",
        "type": "github"
      },
      "original": {
        "id": "nixpkgs",
        "type": "indirect"
      }
    },
    "root": {
      "inputs": {
        "nixpkgs": "nixpkgs",
        "utils": "utils"
      }
    },
    "utils": {
      "locked": {
        "lastModified": 1659877975,
        "narHash": "sha256-zllb8aq3YO3h8B/U0/J1WBgAL8EX5yWf5pMj3G0NAmc=",
        "owner": "numtide",
        "repo": "flake-utils",
        "rev": "c0e246b9b83f637f4681389ecabcb2681b4f3af0",
        "type": "github"
      },
      "original": {
        "owner": "numtide",
        "repo": "flake-utils",
        "type": "github"
      }
    }
  },
  "root": "root",
  "version": 7
}
