{
  "nodes": {
    "nixpkgs": {
      "locked": {
        "lastModified": 1617661190,
        "narHash": "sha256-yE1+gQ19t10FHWcZtdTc9H6W2jsT7SHCRXEMtWtcy+E=",
        "owner": "NixOS",
        "repo": "nixpkgs",
        "rev": "3211729b0bcfe79554f71854b8be8d0319b48b30",
        "type": "github"
      },
      "original": {
        "id": "nixpkgs",
        "type": "indirect"
      }
    },
    "root": {
      "inputs": {
        "nixpkgs": "nixpkgs",
        "utils": "utils"
      }
    },
    "utils": {
      "locked": {
        "lastModified": 1617631617,
        "narHash": "sha256-PARRCz55qN3gy07VJZIlFeOX420d0nGF0RzGI/9hVlw=",
        "owner": "numtide",
        "repo": "flake-utils",
        "rev": "b2c27d1a81b0dc266270fa8aeecebbd1807fc610",
        "type": "github"
      },
      "original": {
        "owner": "numtide",
        "repo": "flake-utils",
        "type": "github"
      }
    }
  },
  "root": "root",
  "version": 7
}
